
Microsoft Visual Studio Solution File, Format Version 12.00
# Visual Studio Version 16
VisualStudioVersion = 16.0.29613.14
MinimumVisualStudioVersion = 10.0.40219.1
Project("{FAE04EC0-301F-11D3-BF4B-00C04F79EFBC}") = "single_sign_on_server", "single_sign_on_server\single_sign_on_server.csproj", "{2094DEF6-338E-4287-B789-BBAC9A0EF5CA}"
EndProject
Global
	GlobalSection(SolutionConfigurationPlatforms) = preSolution
		Debug|Any CPU = Debug|Any CPU
		Release|Any CPU = Release|Any CPU
	EndGlobalSection
	GlobalSection(ProjectConfigurationPlatforms) = postSolution
		{2094DEF6-338E-4287-B789-BBAC9A0EF5CA}.Debug|Any CPU.ActiveCfg = Debug|Any CPU
		{2094DEF6-338E-4287-B789-BBAC9A0EF5CA}.Debug|Any CPU.Build.0 = Debug|Any CPU
		{2094DEF6-338E-4287-B789-BBAC9A0EF5CA}.Release|Any CPU.ActiveCfg = Release|Any CPU
		{2094DEF6-338E-4287-B789-BBAC9A0EF5CA}.Release|Any CPU.Build.0 = Release|Any CPU
	EndGlobalSection
	GlobalSection(SolutionProperties) = preSolution
		HideSolutionNode = FALSE
	EndGlobalSection
	GlobalSection(ExtensibilityGlobals) = postSolution
		SolutionGuid = {87955AD0-D1E0-4CDA-AFC1-BD88A7E5D3DF}
	EndGlobalSection
EndGlobal
